
Microsoft Visual Studio Solution File, Format Version 12.00
# Visual Studio Version 16
VisualStudioVersion = 16.0.31105.61
MinimumVisualStudioVersion = 10.0.40219.1
Project("{FAE04EC0-301F-11D3-BF4B-00C04F79EFBC}") = "Event_Datepicker_Service", "Event-Datepicker-Service\Event_Datepicker_Service.csproj", "{CE701BF6-8C8A-4A06-86DB-BBBBAA854FB1}"
EndProject
Project("{FAE04EC0-301F-11D3-BF4B-00C04F79EFBC}") = "Gateway_Service", "Gateway_Service\Gateway_Service.csproj", "{942E5B78-3636-442F-897C-A16AE93FFAAD}"
EndProject
Project("{FAE04EC0-301F-11D3-BF4B-00C04F79EFBC}") = "File_Service", "File_Service\File_Service.csproj", "{5653F265-3159-471D-9BE6-6276EC80B111}"
EndProject
Global
	GlobalSection(SolutionConfigurationPlatforms) = preSolution
		Debug|Any CPU = Debug|Any CPU
		Release|Any CPU = Release|Any CPU
	EndGlobalSection
	GlobalSection(ProjectConfigurationPlatforms) = postSolution
		{CE701BF6-8C8A-4A06-86DB-BBBBAA854FB1}.Debug|Any CPU.ActiveCfg = Debug|Any CPU
		{CE701BF6-8C8A-4A06-86DB-BBBBAA854FB1}.Debug|Any CPU.Build.0 = Debug|Any CPU
		{CE701BF6-8C8A-4A06-86DB-BBBBAA854FB1}.Release|Any CPU.ActiveCfg = Release|Any CPU
		{CE701BF6-8C8A-4A06-86DB-BBBBAA854FB1}.Release|Any CPU.Build.0 = Release|Any CPU
		{942E5B78-3636-442F-897C-A16AE93FFAAD}.Debug|Any CPU.ActiveCfg = Debug|Any CPU
		{942E5B78-3636-442F-897C-A16AE93FFAAD}.Debug|Any CPU.Build.0 = Debug|Any CPU
		{942E5B78-3636-442F-897C-A16AE93FFAAD}.Release|Any CPU.ActiveCfg = Release|Any CPU
		{942E5B78-3636-442F-897C-A16AE93FFAAD}.Release|Any CPU.Build.0 = Release|Any CPU
		{5653F265-3159-471D-9BE6-6276EC80B111}.Debug|Any CPU.ActiveCfg = Debug|Any CPU
		{5653F265-3159-471D-9BE6-6276EC80B111}.Debug|Any CPU.Build.0 = Debug|Any CPU
		{5653F265-3159-471D-9BE6-6276EC80B111}.Release|Any CPU.ActiveCfg = Release|Any CPU
		{5653F265-3159-471D-9BE6-6276EC80B111}.Release|Any CPU.Build.0 = Release|Any CPU
	EndGlobalSection
	GlobalSection(SolutionProperties) = preSolution
		HideSolutionNode = FALSE
	EndGlobalSection
	GlobalSection(ExtensibilityGlobals) = postSolution
		SolutionGuid = {2E38875B-1473-45C3-9F21-9FE31B3FF427}
	EndGlobalSection
EndGlobal
